// !$*UTF8*$!
{
	archiveVersion = 1;
	classes = {
	};
	objectVersion = 46;
	objects = {

/* Begin PBXBuildFile section */
		331EB18115F8AE9B00DD29E1 /* UIKit.framework in Frameworks */ = {isa = PBXBuildFile; fileRef = 331EB18015F8AE9B00DD29E1 /* UIKit.framework */; };
		331EB18315F8AE9B00DD29E1 /* Foundation.framework in Frameworks */ = {isa = PBXBuildFile; fileRef = 331EB18215F8AE9B00DD29E1 /* Foundation.framework */; };
		331EB18515F8AE9B00DD29E1 /* CoreGraphics.framework in Frameworks */ = {isa = PBXBuildFile; fileRef = 331EB18415F8AE9B00DD29E1 /* CoreGraphics.framework */; };
		331EB18B15F8AE9B00DD29E1 /* InfoPlist.strings in Resources */ = {isa = PBXBuildFile; fileRef = 331EB18915F8AE9B00DD29E1 /* InfoPlist.strings */; };
		331EB18D15F8AE9B00DD29E1 /* main.m in Sources */ = {isa = PBXBuildFile; fileRef = 331EB18C15F8AE9B00DD29E1 /* main.m */; };
		331EB19115F8AE9B00DD29E1 /* AppDelegate.m in Sources */ = {isa = PBXBuildFile; fileRef = 331EB19015F8AE9B00DD29E1 /* AppDelegate.m */; };
		331EB19415F8AE9B00DD29E1 /* MainStoryboard.storyboard in Resources */ = {isa = PBXBuildFile; fileRef = 331EB19215F8AE9B00DD29E1 /* MainStoryboard.storyboard */; };
		331EB19715F8AE9B00DD29E1 /* ViewController.m in Sources */ = {isa = PBXBuildFile; fileRef = 331EB19615F8AE9B00DD29E1 /* ViewController.m */; };
		331EB1A215F8AEEA00DD29E1 /* MyView.m in Sources */ = {isa = PBXBuildFile; fileRef = 331EB1A115F8AEEA00DD29E1 /* MyView.m */; };
		331EB1A515F8AEFB00DD29E1 /* InsideView.m in Sources */ = {isa = PBXBuildFile; fileRef = 331EB1A415F8AEFB00DD29E1 /* InsideView.m */; };
/* End PBXBuildFile section */

/* Begin PBXFileReference section */
		331EB17C15F8AE9B00DD29E1 /* ObservingUIViewMovement.app */ = {isa = PBXFileReference; explicitFileType = wrapper.application; includeInIndex = 0; path = ObservingUIViewMovement.app; sourceTree = BUILT_PRODUCTS_DIR; };
		331EB18015F8AE9B00DD29E1 /* UIKit.framework */ = {isa = PBXFileReference; lastKnownFileType = wrapper.framework; name = UIKit.framework; path = System/Library/Frameworks/UIKit.framework; sourceTree = SDKROOT; };
		331EB18215F8AE9B00DD29E1 /* Foundation.framework */ = {isa = PBXFileReference; lastKnownFileType = wrapper.framework; name = Foundation.framework; path = System/Library/Frameworks/Foundation.framework; sourceTree = SDKROOT; };
		331EB18415F8AE9B00DD29E1 /* CoreGraphics.framework */ = {isa = PBXFileReference; lastKnownFileType = wrapper.framework; name = CoreGraphics.framework; path = System/Library/Frameworks/CoreGraphics.framework; sourceTree = SDKROOT; };
		331EB18815F8AE9B00DD29E1 /* ObservingUIViewMovement-Info.plist */ = {isa = PBXFileReference; lastKnownFileType = text.plist.xml; path = "ObservingUIViewMovement-Info.plist"; sourceTree = "<group>"; };
		331EB18A15F8AE9B00DD29E1 /* en */ = {isa = PBXFileReference; lastKnownFileType = text.plist.strings; name = en; path = en.lproj/InfoPlist.strings; sourceTree = "<group>"; };
		331EB18C15F8AE9B00DD29E1 /* main.m */ = {isa = PBXFileReference; lastKnownFileType = sourcecode.c.objc; path = main.m; sourceTree = "<group>"; };
		331EB18E15F8AE9B00DD29E1 /* ObservingUIViewMovement-Prefix.pch */ = {isa = PBXFileReference; lastKnownFileType = sourcecode.c.h; path = "ObservingUIViewMovement-Prefix.pch"; sourceTree = "<group>"; };
		331EB18F15F8AE9B00DD29E1 /* AppDelegate.h */ = {isa = PBXFileReference; lastKnownFileType = sourcecode.c.h; path = AppDelegate.h; sourceTree = "<group>"; };
		331EB19015F8AE9B00DD29E1 /* AppDelegate.m */ = {isa = PBXFileReference; lastKnownFileType = sourcecode.c.objc; path = AppDelegate.m; sourceTree = "<group>"; };
		331EB19315F8AE9B00DD29E1 /* en */ = {isa = PBXFileReference; lastKnownFileType = file.storyboard; name = en; path = en.lproj/MainStoryboard.storyboard; sourceTree = "<group>"; };
		331EB19515F8AE9B00DD29E1 /* ViewController.h */ = {isa = PBXFileReference; lastKnownFileType = sourcecode.c.h; path = ViewController.h; sourceTree = "<group>"; };
		331EB19615F8AE9B00DD29E1 /* ViewController.m */ = {isa = PBXFileReference; lastKnownFileType = sourcecode.c.objc; path = ViewController.m; sourceTree = "<group>"; };
		331EB1A015F8AEEA00DD29E1 /* MyView.h */ = {isa = PBXFileReference; fileEncoding = 4; lastKnownFileType = sourcecode.c.h; path = MyView.h; sourceTree = "<group>"; };
		331EB1A115F8AEEA00DD29E1 /* MyView.m */ = {isa = PBXFileReference; fileEncoding = 4; lastKnownFileType = sourcecode.c.objc; path = MyView.m; sourceTree = "<group>"; };
		331EB1A315F8AEFB00DD29E1 /* InsideView.h */ = {isa = PBXFileReference; fileEncoding = 4; lastKnownFileType = sourcecode.c.h; path = InsideView.h; sourceTree = "<group>"; };
		331EB1A415F8AEFB00DD29E1 /* InsideView.m */ = {isa = PBXFileReference; fileEncoding = 4; lastKnownFileType = sourcecode.c.objc; path = InsideView.m; sourceTree = "<group>"; };
		331EB1A615F8B7FE00DD29E1 /* README */ = {isa = PBXFileReference; lastKnownFileType = text; path = README; sourceTree = "<group>"; };
/* End PBXFileReference section */

/* Begin PBXFrameworksBuildPhase section */
		331EB17915F8AE9B00DD29E1 /* Frameworks */ = {
			isa = PBXFrameworksBuildPhase;
			buildActionMask = 2147483647;
			files = (
				331EB18115F8AE9B00DD29E1 /* UIKit.framework in Frameworks */,
				331EB18315F8AE9B00DD29E1 /* Foundation.framework in Frameworks */,
				331EB18515F8AE9B00DD29E1 /* CoreGraphics.framework in Frameworks */,
			);
			runOnlyForDeploymentPostprocessing = 0;
		};
/* End PBXFrameworksBuildPhase section */

/* Begin PBXGroup section */
		331EB17115F8AE9B00DD29E1 = {
			isa = PBXGroup;
			children = (
				331EB1A615F8B7FE00DD29E1 /* README */,
				331EB18615F8AE9B00DD29E1 /* ObservingUIViewMovement */,
				331EB17F15F8AE9B00DD29E1 /* Frameworks */,
				331EB17D15F8AE9B00DD29E1 /* Products */,
			);
			sourceTree = "<group>";
		};
		331EB17D15F8AE9B00DD29E1 /* Products */ = {
			isa = PBXGroup;
			children = (
				331EB17C15F8AE9B00DD29E1 /* ObservingUIViewMovement.app */,
			);
			name = Products;
			sourceTree = "<group>";
		};
		331EB17F15F8AE9B00DD29E1 /* Frameworks */ = {
			isa = PBXGroup;
			children = (
				331EB18015F8AE9B00DD29E1 /* UIKit.framework */,
				331EB18215F8AE9B00DD29E1 /* Foundation.framework */,
				331EB18415F8AE9B00DD29E1 /* CoreGraphics.framework */,
			);
			name = Frameworks;
			sourceTree = "<group>";
		};
		331EB18615F8AE9B00DD29E1 /* ObservingUIViewMovement */ = {
			isa = PBXGroup;
			children = (
				331EB1A015F8AEEA00DD29E1 /* MyView.h */,
				331EB1A115F8AEEA00DD29E1 /* MyView.m */,
				331EB1A315F8AEFB00DD29E1 /* InsideView.h */,
				331EB1A415F8AEFB00DD29E1 /* InsideView.m */,
				331EB18F15F8AE9B00DD29E1 /* AppDelegate.h */,
				331EB19015F8AE9B00DD29E1 /* AppDelegate.m */,
				331EB19215F8AE9B00DD29E1 /* MainStoryboard.storyboard */,
				331EB19515F8AE9B00DD29E1 /* ViewController.h */,
				331EB19615F8AE9B00DD29E1 /* ViewController.m */,
				331EB18715F8AE9B00DD29E1 /* Supporting Files */,
			);
			path = ObservingUIViewMovement;
			sourceTree = "<group>";
		};
		331EB18715F8AE9B00DD29E1 /* Supporting Files */ = {
			isa = PBXGroup;
			children = (
				331EB18815F8AE9B00DD29E1 /* ObservingUIViewMovement-Info.plist */,
				331EB18915F8AE9B00DD29E1 /* InfoPlist.strings */,
				331EB18C15F8AE9B00DD29E1 /* main.m */,
				331EB18E15F8AE9B00DD29E1 /* ObservingUIViewMovement-Prefix.pch */,
			);
			name = "Supporting Files";
			sourceTree = "<group>";
		};
/* End PBXGroup section */

/* Begin PBXNativeTarget section */
		331EB17B15F8AE9B00DD29E1 /* ObservingUIViewMovement */ = {
			isa = PBXNativeTarget;
			buildConfigurationList = 331EB19A15F8AE9B00DD29E1 /* Build configuration list for PBXNativeTarget "ObservingUIViewMovement" */;
			buildPhases = (
				331EB17815F8AE9B00DD29E1 /* Sources */,
				331EB17915F8AE9B00DD29E1 /* Frameworks */,
				331EB17A15F8AE9B00DD29E1 /* Resources */,
			);
			buildRules = (
			);
			dependencies = (
			);
			name = ObservingUIViewMovement;
			productName = ObservingUIViewMovement;
			productReference = 331EB17C15F8AE9B00DD29E1 /* ObservingUIViewMovement.app */;
			productType = "com.apple.product-type.application";
		};
/* End PBXNativeTarget section */

/* Begin PBXProject section */
		331EB17315F8AE9B00DD29E1 /* Project object */ = {
			isa = PBXProject;
			attributes = {
				LastUpgradeCheck = 0430;
			};
			buildConfigurationList = 331EB17615F8AE9B00DD29E1 /* Build configuration list for PBXProject "ObservingUIViewMovement" */;
			compatibilityVersion = "Xcode 3.2";
			developmentRegion = English;
			hasScannedForEncodings = 0;
			knownRegions = (
				en,
			);
			mainGroup = 331EB17115F8AE9B00DD29E1;
			productRefGroup = 331EB17D15F8AE9B00DD29E1 /* Products */;
			projectDirPath = "";
			projectRoot = "";
			targets = (
				331EB17B15F8AE9B00DD29E1 /* ObservingUIViewMovement */,
			);
		};
/* End PBXProject section */

/* Begin PBXResourcesBuildPhase section */
		331EB17A15F8AE9B00DD29E1 /* Resources */ = {
			isa = PBXResourcesBuildPhase;
			buildActionMask = 2147483647;
			files = (
				331EB18B15F8AE9B00DD29E1 /* InfoPlist.strings in Resources */,
				331EB19415F8AE9B00DD29E1 /* MainStoryboard.storyboard in Resources */,
			);
			runOnlyForDeploymentPostprocessing = 0;
		};
/* End PBXResourcesBuildPhase section */

/* Begin PBXSourcesBuildPhase section */
		331EB17815F8AE9B00DD29E1 /* Sources */ = {
			isa = PBXSourcesBuildPhase;
			buildActionMask = 2147483647;
			files = (
				331EB18D15F8AE9B00DD29E1 /* main.m in Sources */,
				331EB19115F8AE9B00DD29E1 /* AppDelegate.m in Sources */,
				331EB19715F8AE9B00DD29E1 /* ViewController.m in Sources */,
				331EB1A215F8AEEA00DD29E1 /* MyView.m in Sources */,
				331EB1A515F8AEFB00DD29E1 /* InsideView.m in Sources */,
			);
			runOnlyForDeploymentPostprocessing = 0;
		};
/* End PBXSourcesBuildPhase section */

/* Begin PBXVariantGroup section */
		331EB18915F8AE9B00DD29E1 /* InfoPlist.strings */ = {
			isa = PBXVariantGroup;
			children = (
				331EB18A15F8AE9B00DD29E1 /* en */,
			);
			name = InfoPlist.strings;
			sourceTree = "<group>";
		};
		331EB19215F8AE9B00DD29E1 /* MainStoryboard.storyboard */ = {
			isa = PBXVariantGroup;
			children = (
				331EB19315F8AE9B00DD29E1 /* en */,
			);
			name = MainStoryboard.storyboard;
			sourceTree = "<group>";
		};
/* End PBXVariantGroup section */

/* Begin XCBuildConfiguration section */
		331EB19815F8AE9B00DD29E1 /* Debug */ = {
			isa = XCBuildConfiguration;
			buildSettings = {
				ALWAYS_SEARCH_USER_PATHS = NO;
				ARCHS = "$(ARCHS_STANDARD_32_BIT)";
				CLANG_ENABLE_OBJC_ARC = YES;
				"CODE_SIGN_IDENTITY[sdk=iphoneos*]" = "iPhone Developer";
				COPY_PHASE_STRIP = NO;
				GCC_C_LANGUAGE_STANDARD = gnu99;
				GCC_DYNAMIC_NO_PIC = NO;
				GCC_OPTIMIZATION_LEVEL = 0;
				GCC_PREPROCESSOR_DEFINITIONS = (
					"DEBUG=1",
					"$(inherited)",
				);
				GCC_SYMBOLS_PRIVATE_EXTERN = NO;
				GCC_VERSION = com.apple.compilers.llvm.clang.1_0;
				GCC_WARN_ABOUT_RETURN_TYPE = YES;
				GCC_WARN_UNINITIALIZED_AUTOS = YES;
				GCC_WARN_UNUSED_VARIABLE = YES;
				IPHONEOS_DEPLOYMENT_TARGET = 5.1;
				SDKROOT = iphoneos;
			};
			name = Debug;
		};
		331EB19915F8AE9B00DD29E1 /* Release */ = {
			isa = XCBuildConfiguration;
			buildSettings = {
				ALWAYS_SEARCH_USER_PATHS = NO;
				ARCHS = "$(ARCHS_STANDARD_32_BIT)";
				CLANG_ENABLE_OBJC_ARC = YES;
				"CODE_SIGN_IDENTITY[sdk=iphoneos*]" = "iPhone Developer";
				COPY_PHASE_STRIP = YES;
				GCC_C_LANGUAGE_STANDARD = gnu99;
				GCC_VERSION = com.apple.compilers.llvm.clang.1_0;
				GCC_WARN_ABOUT_RETURN_TYPE = YES;
				GCC_WARN_UNINITIALIZED_AUTOS = YES;
				GCC_WARN_UNUSED_VARIABLE = YES;
				IPHONEOS_DEPLOYMENT_TARGET = 5.1;
				OTHER_CFLAGS = "-DNS_BLOCK_ASSERTIONS=1";
				SDKROOT = iphoneos;
				VALIDATE_PRODUCT = YES;
			};
			name = Release;
		};
		331EB19B15F8AE9B00DD29E1 /* Debug */ = {
			isa = XCBuildConfiguration;
			buildSettings = {
				GCC_PRECOMPILE_PREFIX_HEADER = YES;
				GCC_PREFIX_HEADER = "ObservingUIViewMovement/ObservingUIViewMovement-Prefix.pch";
				INFOPLIST_FILE = "ObservingUIViewMovement/ObservingUIViewMovement-Info.plist";
				PRODUCT_NAME = "$(TARGET_NAME)";
				WRAPPER_EXTENSION = app;
			};
			name = Debug;
		};
		331EB19C15F8AE9B00DD29E1 /* Release */ = {
			isa = XCBuildConfiguration;
			buildSettings = {
				GCC_PRECOMPILE_PREFIX_HEADER = YES;
				GCC_PREFIX_HEADER = "ObservingUIViewMovement/ObservingUIViewMovement-Prefix.pch";
				INFOPLIST_FILE = "ObservingUIViewMovement/ObservingUIViewMovement-Info.plist";
				PRODUCT_NAME = "$(TARGET_NAME)";
				WRAPPER_EXTENSION = app;
			};
			name = Release;
		};
/* End XCBuildConfiguration section */

/* Begin XCConfigurationList section */
		331EB17615F8AE9B00DD29E1 /* Build configuration list for PBXProject "ObservingUIViewMovement" */ = {
			isa = XCConfigurationList;
			buildConfigurations = (
				331EB19815F8AE9B00DD29E1 /* Debug */,
				331EB19915F8AE9B00DD29E1 /* Release */,
			);
			defaultConfigurationIsVisible = 0;
			defaultConfigurationName = Release;
		};
		331EB19A15F8AE9B00DD29E1 /* Build configuration list for PBXNativeTarget "ObservingUIViewMovement" */ = {
			isa = XCConfigurationList;
			buildConfigurations = (
				331EB19B15F8AE9B00DD29E1 /* Debug */,
				331EB19C15F8AE9B00DD29E1 /* Release */,
			);
			defaultConfigurationIsVisible = 0;
		};
/* End XCConfigurationList section */
	};
	rootObject = 331EB17315F8AE9B00DD29E1 /* Project object */;
}
